
Microsoft Visual Studio Solution File, Format Version 12.00
# Visual Studio Version 17
VisualStudioVersion = 17.1.32210.238
MinimumVisualStudioVersion = 10.0.40219.1
Project("{FAE04EC0-301F-11D3-BF4B-00C04F79EFBC}") = "MyirstConsole", "MyirstConsole.csproj", "{7E5C1F8C-432D-4711-B548-9718E42125C8}"
EndProject
Global
	GlobalSection(SolutionConfigurationPlatforms) = preSolution
		Debug|Any CPU = Debug|Any CPU
		Release|Any CPU = Release|Any CPU
	EndGlobalSection
	GlobalSection(ProjectConfigurationPlatforms) = postSolution
		{7E5C1F8C-432D-4711-B548-9718E42125C8}.Debug|Any CPU.ActiveCfg = Debug|Any CPU
		{7E5C1F8C-432D-4711-B548-9718E42125C8}.Debug|Any CPU.Build.0 = Debug|Any CPU
		{7E5C1F8C-432D-4711-B548-9718E42125C8}.Release|Any CPU.ActiveCfg = Release|Any CPU
		{7E5C1F8C-432D-4711-B548-9718E42125C8}.Release|Any CPU.Build.0 = Release|Any CPU
	EndGlobalSection
	GlobalSection(SolutionProperties) = preSolution
		HideSolutionNode = FALSE
	EndGlobalSection
	GlobalSection(ExtensibilityGlobals) = postSolution
		SolutionGuid = {E4A7818A-0A66-414E-B55C-D80766AF89CA}
	EndGlobalSection
EndGlobal
